{
  "name": "seocoin",
  "version": "2.2.0",
  "lockfileVersion": 1,
  "dependencies": {
    "@material/animation": {
      "version": "0.2.3",
      "resolved": "https://registry.npmjs.org/@material/animation/-/animation-0.2.3.tgz",
      "integrity": "sha1-JfJJYs1knnZFmharI0t4Rqen9Bk="
    },
    "@material/auto-init": {
      "version": "0.1.2",
      "resolved": "https://registry.npmjs.org/@material/auto-init/-/auto-init-0.1.2.tgz",
      "integrity": "sha1-ptX4jv/wjAh+U/VcLN+7Is5vSQE="
    },
    "@material/base": {
      "version": "0.2.0",
      "resolved": "https://registry.npmjs.org/@material/base/-/base-0.2.0.tgz",
      "integrity": "sha1-aF4sNEqgN+Qr55eOHzZf8YO586E="
    },
    "@material/button": {
      "version": "0.3.7",
      "resolved": "https://registry.npmjs.org/@material/button/-/button-0.3.7.tgz",
      "integrity": "sha1-ORJ5EyL39xKaWiI5wwmOixCkzrg="
    },
    "@material/card": {
      "version": "0.2.2",
      "resolved": "https://registry.npmjs.org/@material/card/-/card-0.2.2.tgz",
      "integrity": "sha1-1RA0aU9576MnFwLklxokYPpeqH8="
    },
    "@material/checkbox": {
      "version": "0.3.5",
      "resolved": "https://registry.npmjs.org/@material/checkbox/-/checkbox-0.3.5.tgz",
      "integrity": "sha1-begfb+gqclsVMNX8iTnnhsawfEQ="
    },
    "@material/dialog": {
      "version": "0.3.0",
      "resolved": "https://registry.npmjs.org/@material/dialog/-/dialog-0.3.0.tgz",
      "integrity": "sha1-fjQh2YawMepklKnVhZG1Xolm1bg=",
      "dependencies": {
        "@material/typography": {
          "version": "0.1.1",
          "resolved": "https://registry.npmjs.org/@material/typography/-/typography-0.1.1.tgz",
          "integrity": "sha1-+y40N70yhNOen7kUhXZ63msr0ME="
        }
      }
    },
    "@material/drawer": {
      "version": "0.4.3",
      "resolved": "https://registry.npmjs.org/@material/drawer/-/drawer-0.4.3.tgz",
      "integrity": "sha1-LjQqGKuQL19Bystct1IqslBZpsc="
    },
    "@material/elevation": {
      "version": "0.1.8",
      "resolved": "https://registry.npmjs.org/@material/elevation/-/elevation-0.1.8.tgz",
      "integrity": "sha1-V6HzVBozDQNWM9t/XbgsRi0MytA="
    },
    "@material/fab": {
      "version": "0.3.9",
      "resolved": "https://registry.npmjs.org/@material/fab/-/fab-0.3.9.tgz",
      "integrity": "sha1-SBfHaO1VZU9fztxHeysoXOj6zQI="
    },
    "@material/form-field": {
      "version": "0.2.6",
      "resolved": "https://registry.npmjs.org/@material/form-field/-/form-field-0.2.6.tgz",
      "integrity": "sha1-8Fhzd2pfklaQWwpP/0USEb/9ncU="
    },
    "@material/grid-list": {
      "version": "0.2.3",
      "resolved": "https://registry.npmjs.org/@material/grid-list/-/grid-list-0.2.3.tgz",
      "integrity": "sha1-0am+sCYTBYKrx/zKimoV002ZzpU="
    },
    "@material/icon-toggle": {
      "version": "0.1.12",
      "resolved": "https://registry.npmjs.org/@material/icon-toggle/-/icon-toggle-0.1.12.tgz",
      "integrity": "sha1-5wds0PcHH7zSBg/j1Od07LugHZw="
    },
    "@material/layout-grid": {
      "version": "0.1.2",
      "resolved": "https://registry.npmjs.org/@material/layout-grid/-/layout-grid-0.1.2.tgz",
      "integrity": "sha1-wZ1p46j/nwlJUo4cf+KrT9pJLHs="
    },
    "@material/linear-progress": {
      "version": "0.1.1",
      "resolved": "https://registry.npmjs.org/@material/linear-progress/-/linear-progress-0.1.1.tgz",
      "integrity": "sha1-KYYcGe11yrmg0gUcWuWEzBIp0JA="
    },
    "@material/list": {
      "version": "0.2.9",
      "resolved": "https://registry.npmjs.org/@material/list/-/list-0.2.9.tgz",
      "integrity": "sha1-yvy6nYVR7FRuTthuANw0Xmbtp0w="
    },
    "@material/menu": {
      "version": "0.2.7",
      "resolved": "https://registry.npmjs.org/@material/menu/-/menu-0.2.7.tgz",
      "integrity": "sha1-jnxDso13Fg79l+7Re2st03syCqs="
    },
    "@material/radio": {
      "version": "0.2.5",
      "resolved": "https://registry.npmjs.org/@material/radio/-/radio-0.2.5.tgz",
      "integrity": "sha1-/J/kfyIuUZzmkWyP4Zx9Yuqdy+o="
    },
    "@material/ripple": {
      "version": "0.6.2",
      "resolved": "https://registry.npmjs.org/@material/ripple/-/ripple-0.6.2.tgz",
      "integrity": "sha1-qFVtt8FB019VgsWZC+hpC++d7lk="
    },
    "@material/rtl": {
      "version": "0.1.4",
      "resolved": "https://registry.npmjs.org/@material/rtl/-/rtl-0.1.4.tgz",
      "integrity": "sha1-A7maD/T65U0nHOfFhrXPbe6MYLw="
    },
    "@material/select": {
      "version": "0.3.7",
      "resolved": "https://registry.npmjs.org/@material/select/-/select-0.3.7.tgz",
      "integrity": "sha1-RW0b4Vm1GBpGHF8F0eHSg0AhqzE="
    },
    "@material/snackbar": {
      "version": "0.2.0",
      "resolved": "https://registry.npmjs.org/@material/snackbar/-/snackbar-0.2.0.tgz",
      "integrity": "sha1-x8/qnHbUJMe3JtAjMJG2rFZQRo0="
    },
    "@material/switch": {
      "version": "0.1.8",
      "resolved": "https://registry.npmjs.org/@material/switch/-/switch-0.1.8.tgz",
      "integrity": "sha1-42wBpqWZWfKsQ+NhvBv2Wi77RFw="
    },
    "@material/tabs": {
      "version": "0.2.0",
      "resolved": "https://registry.npmjs.org/@material/tabs/-/tabs-0.2.0.tgz",
      "integrity": "sha1-Ym2aJuD2FiiLvkWSANng01sh17A="
    },
    "@material/textfield": {
      "version": "0.2.10",
      "resolved": "https://registry.npmjs.org/@material/textfield/-/textfield-0.2.10.tgz",
      "integrity": "sha1-RCB2TyILFxRb6xzCzgkLOTUPLSc="
    },
    "@material/theme": {
      "version": "0.1.5",
      "resolved": "https://registry.npmjs.org/@material/theme/-/theme-0.1.5.tgz",
      "integrity": "sha1-XHvZoZdNjBwOrPA34CNarZxctpk="
    },
    "@material/toolbar": {
      "version": "0.3.3",
      "resolved": "https://registry.npmjs.org/@material/toolbar/-/toolbar-0.3.3.tgz",
      "integrity": "sha1-mGfj9WXtyn9vndxr55E+WRdCKHI="
    },
    "@material/typography": {
      "version": "0.2.2",
      "resolved": "https://registry.npmjs.org/@material/typography/-/typography-0.2.2.tgz",
      "integrity": "sha1-3F8HY619blrVyGw5SzYPK0zzC7I="
    },
    "focus-trap": {
      "version": "2.3.0",
      "resolved": "https://registry.npmjs.org/focus-trap/-/focus-trap-2.3.0.tgz",
      "integrity": "sha1-B8kZZIZ9NGMV9PX434i/lkVTFuI="
    },
    "material-components-web": {
      "version": "0.12.1",
      "resolved": "https://registry.npmjs.org/material-components-web/-/material-components-web-0.12.1.tgz",
      "integrity": "sha1-PvhWK1Os/CO76ugSdRugIeJGy7A="
    },
    "tabbable": {
      "version": "1.0.6",
      "resolved": "https://registry.npmjs.org/tabbable/-/tabbable-1.0.6.tgz",
      "integrity": "sha1-fCaofqb0ol7fXtthl0WgrnQHJPw="
    }
  }
}
